// !$*UTF8*$!
{
	archiveVersion = 1;
	classes = {
	};
	objectVersion = 46;
	objects = {

/* Begin PBXBuildFile section */
		5FA1CE36175BA131008E280E /* UIKit.framework in Frameworks */ = {isa = PBXBuildFile; fileRef = 5FA1CE35175BA131008E280E /* UIKit.framework */; };
		5FA1CE38175BA131008E280E /* Foundation.framework in Frameworks */ = {isa = PBXBuildFile; fileRef = 5FA1CE37175BA131008E280E /* Foundation.framework */; };
		5FA1CE3A175BA131008E280E /* CoreGraphics.framework in Frameworks */ = {isa = PBXBuildFile; fileRef = 5FA1CE39175BA131008E280E /* CoreGraphics.framework */; };
		5FA1CE40175BA131008E280E /* InfoPlist.strings in Resources */ = {isa = PBXBuildFile; fileRef = 5FA1CE3E175BA131008E280E /* InfoPlist.strings */; };
		5FA1CE42175BA131008E280E /* main.m in Sources */ = {isa = PBXBuildFile; fileRef = 5FA1CE41175BA131008E280E /* main.m */; };
		5FA1CE46175BA131008E280E /* ECAppDelegate.m in Sources */ = {isa = PBXBuildFile; fileRef = 5FA1CE45175BA131008E280E /* ECAppDelegate.m */; };
		5FA1CE48175BA131008E280E /* Default.png in Resources */ = {isa = PBXBuildFile; fileRef = 5FA1CE47175BA131008E280E /* Default.png */; };
		5FA1CE4A175BA131008E280E /* Default@2x.png in Resources */ = {isa = PBXBuildFile; fileRef = 5FA1CE49175BA131008E280E /* Default@2x.png */; };
		5FA1CE4C175BA131008E280E /* Default-568h@2x.png in Resources */ = {isa = PBXBuildFile; fileRef = 5FA1CE4B175BA131008E280E /* Default-568h@2x.png */; };
		5FA1CE4F175BA131008E280E /* MainStoryboard.storyboard in Resources */ = {isa = PBXBuildFile; fileRef = 5FA1CE4D175BA131008E280E /* MainStoryboard.storyboard */; };
		5FA1CE52175BA131008E280E /* ECViewController.m in Sources */ = {isa = PBXBuildFile; fileRef = 5FA1CE51175BA131008E280E /* ECViewController.m */; };
		5FA1CE5F175BA311008E280E /* AVFoundation.framework in Frameworks */ = {isa = PBXBuildFile; fileRef = 5FA1CE5E175BA311008E280E /* AVFoundation.framework */; };
		5FA1CE61175BA33B008E280E /* MySong.mp3 in Resources */ = {isa = PBXBuildFile; fileRef = 5FA1CE60175BA33A008E280E /* MySong.mp3 */; };
/* End PBXBuildFile section */

/* Begin PBXFileReference section */
		5FA1CE32175BA131008E280E /* 播放音频.app */ = {isa = PBXFileReference; explicitFileType = wrapper.application; includeInIndex = 0; path = "播放音频.app"; sourceTree = BUILT_PRODUCTS_DIR; };
		5FA1CE35175BA131008E280E /* UIKit.framework */ = {isa = PBXFileReference; lastKnownFileType = wrapper.framework; name = UIKit.framework; path = System/Library/Frameworks/UIKit.framework; sourceTree = SDKROOT; };
		5FA1CE37175BA131008E280E /* Foundation.framework */ = {isa = PBXFileReference; lastKnownFileType = wrapper.framework; name = Foundation.framework; path = System/Library/Frameworks/Foundation.framework; sourceTree = SDKROOT; };
		5FA1CE39175BA131008E280E /* CoreGraphics.framework */ = {isa = PBXFileReference; lastKnownFileType = wrapper.framework; name = CoreGraphics.framework; path = System/Library/Frameworks/CoreGraphics.framework; sourceTree = SDKROOT; };
		5FA1CE3D175BA131008E280E /* 播放音频-Info.plist */ = {isa = PBXFileReference; lastKnownFileType = text.plist.xml; path = "播放音频-Info.plist"; sourceTree = "<group>"; };
		5FA1CE3F175BA131008E280E /* en */ = {isa = PBXFileReference; lastKnownFileType = text.plist.strings; name = en; path = en.lproj/InfoPlist.strings; sourceTree = "<group>"; };
		5FA1CE41175BA131008E280E /* main.m */ = {isa = PBXFileReference; lastKnownFileType = sourcecode.c.objc; path = main.m; sourceTree = "<group>"; };
		5FA1CE43175BA131008E280E /* 播放音频-Prefix.pch */ = {isa = PBXFileReference; lastKnownFileType = sourcecode.c.h; path = "播放音频-Prefix.pch"; sourceTree = "<group>"; };
		5FA1CE44175BA131008E280E /* ECAppDelegate.h */ = {isa = PBXFileReference; lastKnownFileType = sourcecode.c.h; path = ECAppDelegate.h; sourceTree = "<group>"; };
		5FA1CE45175BA131008E280E /* ECAppDelegate.m */ = {isa = PBXFileReference; lastKnownFileType = sourcecode.c.objc; path = ECAppDelegate.m; sourceTree = "<group>"; };
		5FA1CE47175BA131008E280E /* Default.png */ = {isa = PBXFileReference; lastKnownFileType = image.png; path = Default.png; sourceTree = "<group>"; };
		5FA1CE49175BA131008E280E /* Default@2x.png */ = {isa = PBXFileReference; lastKnownFileType = image.png; path = "Default@2x.png"; sourceTree = "<group>"; };
		5FA1CE4B175BA131008E280E /* Default-568h@2x.png */ = {isa = PBXFileReference; lastKnownFileType = image.png; path = "Default-568h@2x.png"; sourceTree = "<group>"; };
		5FA1CE4E175BA131008E280E /* en */ = {isa = PBXFileReference; lastKnownFileType = file.storyboard; name = en; path = en.lproj/MainStoryboard.storyboard; sourceTree = "<group>"; };
		5FA1CE50175BA131008E280E /* ECViewController.h */ = {isa = PBXFileReference; lastKnownFileType = sourcecode.c.h; path = ECViewController.h; sourceTree = "<group>"; };
		5FA1CE51175BA131008E280E /* ECViewController.m */ = {isa = PBXFileReference; lastKnownFileType = sourcecode.c.objc; path = ECViewController.m; sourceTree = "<group>"; };
		5FA1CE5E175BA311008E280E /* AVFoundation.framework */ = {isa = PBXFileReference; lastKnownFileType = wrapper.framework; name = AVFoundation.framework; path = System/Library/Frameworks/AVFoundation.framework; sourceTree = SDKROOT; };
		5FA1CE60175BA33A008E280E /* MySong.mp3 */ = {isa = PBXFileReference; lastKnownFileType = audio.mp3; path = MySong.mp3; sourceTree = "<group>"; };
/* End PBXFileReference section */

/* Begin PBXFrameworksBuildPhase section */
		5FA1CE2F175BA131008E280E /* Frameworks */ = {
			isa = PBXFrameworksBuildPhase;
			buildActionMask = 2147483647;
			files = (
				5FA1CE5F175BA311008E280E /* AVFoundation.framework in Frameworks */,
				5FA1CE36175BA131008E280E /* UIKit.framework in Frameworks */,
				5FA1CE38175BA131008E280E /* Foundation.framework in Frameworks */,
				5FA1CE3A175BA131008E280E /* CoreGraphics.framework in Frameworks */,
			);
			runOnlyForDeploymentPostprocessing = 0;
		};
/* End PBXFrameworksBuildPhase section */

/* Begin PBXGroup section */
		5FA1CE29175BA131008E280E = {
			isa = PBXGroup;
			children = (
				5FA1CE5E175BA311008E280E /* AVFoundation.framework */,
				5FA1CE3B175BA131008E280E /* 播放音频 */,
				5FA1CE34175BA131008E280E /* Frameworks */,
				5FA1CE33175BA131008E280E /* Products */,
			);
			sourceTree = "<group>";
		};
		5FA1CE33175BA131008E280E /* Products */ = {
			isa = PBXGroup;
			children = (
				5FA1CE32175BA131008E280E /* 播放音频.app */,
			);
			name = Products;
			sourceTree = "<group>";
		};
		5FA1CE34175BA131008E280E /* Frameworks */ = {
			isa = PBXGroup;
			children = (
				5FA1CE35175BA131008E280E /* UIKit.framework */,
				5FA1CE37175BA131008E280E /* Foundation.framework */,
				5FA1CE39175BA131008E280E /* CoreGraphics.framework */,
			);
			name = Frameworks;
			sourceTree = "<group>";
		};
		5FA1CE3B175BA131008E280E /* 播放音频 */ = {
			isa = PBXGroup;
			children = (
				5FA1CE60175BA33A008E280E /* MySong.mp3 */,
				5FA1CE44175BA131008E280E /* ECAppDelegate.h */,
				5FA1CE45175BA131008E280E /* ECAppDelegate.m */,
				5FA1CE4D175BA131008E280E /* MainStoryboard.storyboard */,
				5FA1CE50175BA131008E280E /* ECViewController.h */,
				5FA1CE51175BA131008E280E /* ECViewController.m */,
				5FA1CE3C175BA131008E280E /* Supporting Files */,
			);
			path = "播放音频";
			sourceTree = "<group>";
		};
		5FA1CE3C175BA131008E280E /* Supporting Files */ = {
			isa = PBXGroup;
			children = (
				5FA1CE3D175BA131008E280E /* 播放音频-Info.plist */,
				5FA1CE3E175BA131008E280E /* InfoPlist.strings */,
				5FA1CE41175BA131008E280E /* main.m */,
				5FA1CE43175BA131008E280E /* 播放音频-Prefix.pch */,
				5FA1CE47175BA131008E280E /* Default.png */,
				5FA1CE49175BA131008E280E /* Default@2x.png */,
				5FA1CE4B175BA131008E280E /* Default-568h@2x.png */,
			);
			name = "Supporting Files";
			sourceTree = "<group>";
		};
/* End PBXGroup section */

/* Begin PBXNativeTarget section */
		5FA1CE31175BA131008E280E /* 播放音频 */ = {
			isa = PBXNativeTarget;
			buildConfigurationList = 5FA1CE55175BA131008E280E /* Build configuration list for PBXNativeTarget "播放音频" */;
			buildPhases = (
				5FA1CE2E175BA131008E280E /* Sources */,
				5FA1CE2F175BA131008E280E /* Frameworks */,
				5FA1CE30175BA131008E280E /* Resources */,
			);
			buildRules = (
			);
			dependencies = (
			);
			name = "播放音频";
			productName = "播放音频";
			productReference = 5FA1CE32175BA131008E280E /* 播放音频.app */;
			productType = "com.apple.product-type.application";
		};
/* End PBXNativeTarget section */

/* Begin PBXProject section */
		5FA1CE2A175BA131008E280E /* Project object */ = {
			isa = PBXProject;
			attributes = {
				CLASSPREFIX = EC;
				LastUpgradeCheck = 0460;
				ORGANIZATIONNAME = "陈 海涛";
			};
			buildConfigurationList = 5FA1CE2D175BA131008E280E /* Build configuration list for PBXProject "播放音频" */;
			compatibilityVersion = "Xcode 3.2";
			developmentRegion = English;
			hasScannedForEncodings = 0;
			knownRegions = (
				en,
			);
			mainGroup = 5FA1CE29175BA131008E280E;
			productRefGroup = 5FA1CE33175BA131008E280E /* Products */;
			projectDirPath = "";
			projectRoot = "";
			targets = (
				5FA1CE31175BA131008E280E /* 播放音频 */,
			);
		};
/* End PBXProject section */

/* Begin PBXResourcesBuildPhase section */
		5FA1CE30175BA131008E280E /* Resources */ = {
			isa = PBXResourcesBuildPhase;
			buildActionMask = 2147483647;
			files = (
				5FA1CE40175BA131008E280E /* InfoPlist.strings in Resources */,
				5FA1CE48175BA131008E280E /* Default.png in Resources */,
				5FA1CE4A175BA131008E280E /* Default@2x.png in Resources */,
				5FA1CE4C175BA131008E280E /* Default-568h@2x.png in Resources */,
				5FA1CE4F175BA131008E280E /* MainStoryboard.storyboard in Resources */,
				5FA1CE61175BA33B008E280E /* MySong.mp3 in Resources */,
			);
			runOnlyForDeploymentPostprocessing = 0;
		};
/* End PBXResourcesBuildPhase section */

/* Begin PBXSourcesBuildPhase section */
		5FA1CE2E175BA131008E280E /* Sources */ = {
			isa = PBXSourcesBuildPhase;
			buildActionMask = 2147483647;
			files = (
				5FA1CE42175BA131008E280E /* main.m in Sources */,
				5FA1CE46175BA131008E280E /* ECAppDelegate.m in Sources */,
				5FA1CE52175BA131008E280E /* ECViewController.m in Sources */,
			);
			runOnlyForDeploymentPostprocessing = 0;
		};
/* End PBXSourcesBuildPhase section */

/* Begin PBXVariantGroup section */
		5FA1CE3E175BA131008E280E /* InfoPlist.strings */ = {
			isa = PBXVariantGroup;
			children = (
				5FA1CE3F175BA131008E280E /* en */,
			);
			name = InfoPlist.strings;
			sourceTree = "<group>";
		};
		5FA1CE4D175BA131008E280E /* MainStoryboard.storyboard */ = {
			isa = PBXVariantGroup;
			children = (
				5FA1CE4E175BA131008E280E /* en */,
			);
			name = MainStoryboard.storyboard;
			sourceTree = "<group>";
		};
/* End PBXVariantGroup section */

/* Begin XCBuildConfiguration section */
		5FA1CE53175BA131008E280E /* Debug */ = {
			isa = XCBuildConfiguration;
			buildSettings = {
				ALWAYS_SEARCH_USER_PATHS = NO;
				CLANG_CXX_LANGUAGE_STANDARD = "gnu++0x";
				CLANG_CXX_LIBRARY = "libc++";
				CLANG_ENABLE_OBJC_ARC = YES;
				CLANG_WARN_CONSTANT_CONVERSION = YES;
				CLANG_WARN_EMPTY_BODY = YES;
				CLANG_WARN_ENUM_CONVERSION = YES;
				CLANG_WARN_INT_CONVERSION = YES;
				CLANG_WARN__DUPLICATE_METHOD_MATCH = YES;
				"CODE_SIGN_IDENTITY[sdk=iphoneos*]" = "iPhone Developer";
				COPY_PHASE_STRIP = NO;
				GCC_C_LANGUAGE_STANDARD = gnu99;
				GCC_DYNAMIC_NO_PIC = NO;
				GCC_OPTIMIZATION_LEVEL = 0;
				GCC_PREPROCESSOR_DEFINITIONS = (
					"DEBUG=1",
					"$(inherited)",
				);
				GCC_SYMBOLS_PRIVATE_EXTERN = NO;
				GCC_WARN_ABOUT_RETURN_TYPE = YES;
				GCC_WARN_UNINITIALIZED_AUTOS = YES;
				GCC_WARN_UNUSED_VARIABLE = YES;
				IPHONEOS_DEPLOYMENT_TARGET = 6.1;
				ONLY_ACTIVE_ARCH = YES;
				SDKROOT = iphoneos;
			};
			name = Debug;
		};
		5FA1CE54175BA131008E280E /* Release */ = {
			isa = XCBuildConfiguration;
			buildSettings = {
				ALWAYS_SEARCH_USER_PATHS = NO;
				CLANG_CXX_LANGUAGE_STANDARD = "gnu++0x";
				CLANG_CXX_LIBRARY = "libc++";
				CLANG_ENABLE_OBJC_ARC = YES;
				CLANG_WARN_CONSTANT_CONVERSION = YES;
				CLANG_WARN_EMPTY_BODY = YES;
				CLANG_WARN_ENUM_CONVERSION = YES;
				CLANG_WARN_INT_CONVERSION = YES;
				CLANG_WARN__DUPLICATE_METHOD_MATCH = YES;
				"CODE_SIGN_IDENTITY[sdk=iphoneos*]" = "iPhone Developer";
				COPY_PHASE_STRIP = YES;
				GCC_C_LANGUAGE_STANDARD = gnu99;
				GCC_WARN_ABOUT_RETURN_TYPE = YES;
				GCC_WARN_UNINITIALIZED_AUTOS = YES;
				GCC_WARN_UNUSED_VARIABLE = YES;
				IPHONEOS_DEPLOYMENT_TARGET = 6.1;
				OTHER_CFLAGS = "-DNS_BLOCK_ASSERTIONS=1";
				SDKROOT = iphoneos;
				VALIDATE_PRODUCT = YES;
			};
			name = Release;
		};
		5FA1CE56175BA131008E280E /* Debug */ = {
			isa = XCBuildConfiguration;
			buildSettings = {
				GCC_PRECOMPILE_PREFIX_HEADER = YES;
				GCC_PREFIX_HEADER = "播放音频/播放音频-Prefix.pch";
				INFOPLIST_FILE = "播放音频/播放音频-Info.plist";
				PRODUCT_NAME = "$(TARGET_NAME)";
				WRAPPER_EXTENSION = app;
			};
			name = Debug;
		};
		5FA1CE57175BA131008E280E /* Release */ = {
			isa = XCBuildConfiguration;
			buildSettings = {
				GCC_PRECOMPILE_PREFIX_HEADER = YES;
				GCC_PREFIX_HEADER = "播放音频/播放音频-Prefix.pch";
				INFOPLIST_FILE = "播放音频/播放音频-Info.plist";
				PRODUCT_NAME = "$(TARGET_NAME)";
				WRAPPER_EXTENSION = app;
			};
			name = Release;
		};
/* End XCBuildConfiguration section */

/* Begin XCConfigurationList section */
		5FA1CE2D175BA131008E280E /* Build configuration list for PBXProject "播放音频" */ = {
			isa = XCConfigurationList;
			buildConfigurations = (
				5FA1CE53175BA131008E280E /* Debug */,
				5FA1CE54175BA131008E280E /* Release */,
			);
			defaultConfigurationIsVisible = 0;
			defaultConfigurationName = Release;
		};
		5FA1CE55175BA131008E280E /* Build configuration list for PBXNativeTarget "播放音频" */ = {
			isa = XCConfigurationList;
			buildConfigurations = (
				5FA1CE56175BA131008E280E /* Debug */,
				5FA1CE57175BA131008E280E /* Release */,
			);
			defaultConfigurationIsVisible = 0;
		};
/* End XCConfigurationList section */
	};
	rootObject = 5FA1CE2A175BA131008E280E /* Project object */;
}
