// !$*UTF8*$!
{
	archiveVersion = 1;
	classes = {
	};
	objectVersion = 46;
	objects = {

/* Begin PBXBuildFile section */
		5F5247161742769F00157533 /* UIKit.framework in Frameworks */ = {isa = PBXBuildFile; fileRef = 5F5247151742769F00157533 /* UIKit.framework */; };
		5F5247181742769F00157533 /* Foundation.framework in Frameworks */ = {isa = PBXBuildFile; fileRef = 5F5247171742769F00157533 /* Foundation.framework */; };
		5F52471A1742769F00157533 /* CoreGraphics.framework in Frameworks */ = {isa = PBXBuildFile; fileRef = 5F5247191742769F00157533 /* CoreGraphics.framework */; };
		5F524720174276A000157533 /* InfoPlist.strings in Resources */ = {isa = PBXBuildFile; fileRef = 5F52471E174276A000157533 /* InfoPlist.strings */; };
		5F524722174276A000157533 /* main.m in Sources */ = {isa = PBXBuildFile; fileRef = 5F524721174276A000157533 /* main.m */; };
		5F524726174276A000157533 /* AppDelegate.m in Sources */ = {isa = PBXBuildFile; fileRef = 5F524725174276A000157533 /* AppDelegate.m */; };
		5F524728174276A000157533 /* Default.png in Resources */ = {isa = PBXBuildFile; fileRef = 5F524727174276A000157533 /* Default.png */; };
		5F52472A174276A000157533 /* Default@2x.png in Resources */ = {isa = PBXBuildFile; fileRef = 5F524729174276A000157533 /* Default@2x.png */; };
		5F52472C174276A000157533 /* Default-568h@2x.png in Resources */ = {isa = PBXBuildFile; fileRef = 5F52472B174276A000157533 /* Default-568h@2x.png */; };
/* End PBXBuildFile section */

/* Begin PBXContainerItemProxy section */
		5F9EDDB3174473DD0093A141 /* PBXContainerItemProxy */ = {
			isa = PBXContainerItemProxy;
			containerPortal = 5F9EDDAF174473DC0093A141 /* UISliderDemo.xcodeproj */;
			proxyType = 2;
			remoteGlobalIDString = 5F9EDD89174473DC0093A141;
			remoteInfo = UISliderDemo;
		};
		5F9EDDC91744C4650093A141 /* PBXContainerItemProxy */ = {
			isa = PBXContainerItemProxy;
			containerPortal = 5F9EDD77174466130093A141 /* UIDatePickerDemo.xcodeproj */;
			proxyType = 2;
			remoteGlobalIDString = 5F9EDD51174466130093A141;
			remoteInfo = UIDatePickerDemo;
		};
		5F9EDE1F1744CCB10093A141 /* PBXContainerItemProxy */ = {
			isa = PBXContainerItemProxy;
			containerPortal = 5F9EDE1B1744CCB00093A141 /* UISegmentControlDemo.xcodeproj */;
			proxyType = 2;
			remoteGlobalIDString = 5F9EDDF51744CCB00093A141;
			remoteInfo = UISegmentControlDemo;
		};
		5FA0BBE0174AFEC400481A03 /* PBXContainerItemProxy */ = {
			isa = PBXContainerItemProxy;
			containerPortal = 5FA2A5DA1749C4250078FDA6 /* UINavigationControllerDemo.xcodeproj */;
			proxyType = 2;
			remoteGlobalIDString = 5FA2A5BA1749C4250078FDA6;
			remoteInfo = UINavigationControllerDemo;
		};
		5FA2A61A1749CD4F0078FDA6 /* PBXContainerItemProxy */ = {
			isa = PBXContainerItemProxy;
			containerPortal = 5FA2A6161749CD4E0078FDA6 /* CustomImageOnNavigationbar.xcodeproj */;
			proxyType = 2;
			remoteGlobalIDString = 5FA2A5F61749CD4E0078FDA6;
			remoteInfo = CustomImageOnNavigationbar;
		};
		5FA2A64E1749D3C70078FDA6 /* PBXContainerItemProxy */ = {
			isa = PBXContainerItemProxy;
			containerPortal = 5FA2A64A1749D3C60078FDA6 /* CustomNavigationItemDemo.xcodeproj */;
			proxyType = 2;
			remoteGlobalIDString = 5FA2A62A1749D3C60078FDA6;
			remoteInfo = CustomNavigationItemDemo;
		};
		5FA2A68E1749E07B0078FDA6 /* PBXContainerItemProxy */ = {
			isa = PBXContainerItemProxy;
			containerPortal = 5FA2A68A1749E0790078FDA6 /* UITabBarDemo.xcodeproj */;
			proxyType = 2;
			remoteGlobalIDString = 5FA2A66A1749E0790078FDA6;
			remoteInfo = UITabBarDemo;
		};
		5FA2A6D2174A16AB0078FDA6 /* PBXContainerItemProxy */ = {
			isa = PBXContainerItemProxy;
			containerPortal = 5FA2A6CE174A16AA0078FDA6 /* UILabelDemo.xcodeproj */;
			proxyType = 2;
			remoteGlobalIDString = 5FA2A6A8174A16AA0078FDA6;
			remoteInfo = UILabelDemo;
		};
		5FA2A707174A1B9F0078FDA6 /* PBXContainerItemProxy */ = {
			isa = PBXContainerItemProxy;
			containerPortal = 5FA2A703174A1B9E0078FDA6 /* UITextFieldDemo.xcodeproj */;
			proxyType = 2;
			remoteGlobalIDString = 5FA2A6DD174A1B9E0078FDA6;
			remoteInfo = UITextFieldDemo;
		};
		5FA347131743CB3500B22AE8 /* PBXContainerItemProxy */ = {
			isa = PBXContainerItemProxy;
			containerPortal = 5FA3470F1743CB3400B22AE8 /* Creating and using switches with UISwitch.xcodeproj */;
			proxyType = 2;
			remoteGlobalIDString = 5FA346E91743CB3400B22AE8;
			remoteInfo = "Creating and using switches with UISwitch";
		};
		5FA347491743D17900B22AE8 /* PBXContainerItemProxy */ = {
			isa = PBXContainerItemProxy;
			containerPortal = 5FA347451743D17800B22AE8 /* UIPickerViewDemo.xcodeproj */;
			proxyType = 2;
			remoteGlobalIDString = 5FA3471F1743D17800B22AE8;
			remoteInfo = UIPickerViewDemo;
		};
		5FA3D9E717433AA700DE76A4 /* PBXContainerItemProxy */ = {
			isa = PBXContainerItemProxy;
			containerPortal = 5FA3D9E317433AA600DE76A4 /* UIAlertViewDemo.xcodeproj */;
			proxyType = 2;
			remoteGlobalIDString = 5FA3D9BD17433AA600DE76A4;
			remoteInfo = UIAlertViewDemo;
		};
		5FA6015817460DA8008EB098 /* PBXContainerItemProxy */ = {
			isa = PBXContainerItemProxy;
			containerPortal = 5FA6014E17460DA7008EB098 /* UIVIewControllerDemo.xcodeproj */;
			proxyType = 2;
			remoteGlobalIDString = 5FA6012E17460DA7008EB098;
			remoteInfo = UIVIewControllerDemo;
		};
/* End PBXContainerItemProxy section */

/* Begin PBXFileReference section */
		5F5247121742769F00157533 /* Cookbook5.0.app */ = {isa = PBXFileReference; explicitFileType = wrapper.application; includeInIndex = 0; path = Cookbook5.0.app; sourceTree = BUILT_PRODUCTS_DIR; };
		5F5247151742769F00157533 /* UIKit.framework */ = {isa = PBXFileReference; lastKnownFileType = wrapper.framework; name = UIKit.framework; path = System/Library/Frameworks/UIKit.framework; sourceTree = SDKROOT; };
		5F5247171742769F00157533 /* Foundation.framework */ = {isa = PBXFileReference; lastKnownFileType = wrapper.framework; name = Foundation.framework; path = System/Library/Frameworks/Foundation.framework; sourceTree = SDKROOT; };
		5F5247191742769F00157533 /* CoreGraphics.framework */ = {isa = PBXFileReference; lastKnownFileType = wrapper.framework; name = CoreGraphics.framework; path = System/Library/Frameworks/CoreGraphics.framework; sourceTree = SDKROOT; };
		5F52471D174276A000157533 /* Cookbook5.0-Info.plist */ = {isa = PBXFileReference; lastKnownFileType = text.plist.xml; path = "Cookbook5.0-Info.plist"; sourceTree = "<group>"; };
		5F52471F174276A000157533 /* en */ = {isa = PBXFileReference; lastKnownFileType = text.plist.strings; name = en; path = en.lproj/InfoPlist.strings; sourceTree = "<group>"; };
		5F524721174276A000157533 /* main.m */ = {isa = PBXFileReference; lastKnownFileType = sourcecode.c.objc; path = main.m; sourceTree = "<group>"; };
		5F524723174276A000157533 /* Cookbook5.0-Prefix.pch */ = {isa = PBXFileReference; lastKnownFileType = sourcecode.c.h; path = "Cookbook5.0-Prefix.pch"; sourceTree = "<group>"; };
		5F524724174276A000157533 /* AppDelegate.h */ = {isa = PBXFileReference; lastKnownFileType = sourcecode.c.h; path = AppDelegate.h; sourceTree = "<group>"; };
		5F524725174276A000157533 /* AppDelegate.m */ = {isa = PBXFileReference; lastKnownFileType = sourcecode.c.objc; path = AppDelegate.m; sourceTree = "<group>"; };
		5F524727174276A000157533 /* Default.png */ = {isa = PBXFileReference; lastKnownFileType = image.png; path = Default.png; sourceTree = "<group>"; };
		5F524729174276A000157533 /* Default@2x.png */ = {isa = PBXFileReference; lastKnownFileType = image.png; path = "Default@2x.png"; sourceTree = "<group>"; };
		5F52472B174276A000157533 /* Default-568h@2x.png */ = {isa = PBXFileReference; lastKnownFileType = image.png; path = "Default-568h@2x.png"; sourceTree = "<group>"; };
		5F9EDD77174466130093A141 /* UIDatePickerDemo.xcodeproj */ = {isa = PBXFileReference; lastKnownFileType = "wrapper.pb-project"; name = UIDatePickerDemo.xcodeproj; path = UIDatePickerViewDemo/UIDatePickerDemo.xcodeproj; sourceTree = "<group>"; };
		5F9EDDAF174473DC0093A141 /* UISliderDemo.xcodeproj */ = {isa = PBXFileReference; lastKnownFileType = "wrapper.pb-project"; name = UISliderDemo.xcodeproj; path = UISliderDemo/UISliderDemo.xcodeproj; sourceTree = "<group>"; };
		5F9EDE1B1744CCB00093A141 /* UISegmentControlDemo.xcodeproj */ = {isa = PBXFileReference; lastKnownFileType = "wrapper.pb-project"; name = UISegmentControlDemo.xcodeproj; path = UISegmentControlDemo/UISegmentControlDemo.xcodeproj; sourceTree = "<group>"; };
		5FA2A5DA1749C4250078FDA6 /* UINavigationControllerDemo.xcodeproj */ = {isa = PBXFileReference; lastKnownFileType = "wrapper.pb-project"; name = UINavigationControllerDemo.xcodeproj; path = UINavigationController/UINavigationControllerDemo.xcodeproj; sourceTree = "<group>"; };
		5FA2A6161749CD4E0078FDA6 /* CustomImageOnNavigationbar.xcodeproj */ = {isa = PBXFileReference; lastKnownFileType = "wrapper.pb-project"; name = CustomImageOnNavigationbar.xcodeproj; path = CustomImageOnNavigationbar/CustomImageOnNavigationbar.xcodeproj; sourceTree = "<group>"; };
		5FA2A64A1749D3C60078FDA6 /* CustomNavigationItemDemo.xcodeproj */ = {isa = PBXFileReference; lastKnownFileType = "wrapper.pb-project"; name = CustomNavigationItemDemo.xcodeproj; path = CustomNavigationItemDemo/CustomNavigationItemDemo.xcodeproj; sourceTree = "<group>"; };
		5FA2A68A1749E0790078FDA6 /* UITabBarDemo.xcodeproj */ = {isa = PBXFileReference; lastKnownFileType = "wrapper.pb-project"; name = UITabBarDemo.xcodeproj; path = UITabBarDemo/UITabBarDemo.xcodeproj; sourceTree = "<group>"; };
		5FA2A6CE174A16AA0078FDA6 /* UILabelDemo.xcodeproj */ = {isa = PBXFileReference; lastKnownFileType = "wrapper.pb-project"; name = UILabelDemo.xcodeproj; path = UILabelDemo/UILabelDemo.xcodeproj; sourceTree = "<group>"; };
		5FA2A703174A1B9E0078FDA6 /* UITextFieldDemo.xcodeproj */ = {isa = PBXFileReference; lastKnownFileType = "wrapper.pb-project"; name = UITextFieldDemo.xcodeproj; path = UITextFieldDemo/UITextFieldDemo.xcodeproj; sourceTree = "<group>"; };
		5FA3470F1743CB3400B22AE8 /* Creating and using switches with UISwitch.xcodeproj */ = {isa = PBXFileReference; lastKnownFileType = "wrapper.pb-project"; name = "Creating and using switches with UISwitch.xcodeproj"; path = "Creating and using switches with UISwitch/Creating and using switches with UISwitch.xcodeproj"; sourceTree = "<group>"; };
		5FA347451743D17800B22AE8 /* UIPickerViewDemo.xcodeproj */ = {isa = PBXFileReference; lastKnownFileType = "wrapper.pb-project"; name = UIPickerViewDemo.xcodeproj; path = UIPickerViewDemo/UIPickerViewDemo.xcodeproj; sourceTree = "<group>"; };
		5FA3D9E317433AA600DE76A4 /* UIAlertViewDemo.xcodeproj */ = {isa = PBXFileReference; lastKnownFileType = "wrapper.pb-project"; name = UIAlertViewDemo.xcodeproj; path = UIAlertViewDemo/UIAlertViewDemo.xcodeproj; sourceTree = "<group>"; };
		5FA6014E17460DA7008EB098 /* UIVIewControllerDemo.xcodeproj */ = {isa = PBXFileReference; lastKnownFileType = "wrapper.pb-project"; name = UIVIewControllerDemo.xcodeproj; path = UIVIewControllerDemo/UIVIewControllerDemo.xcodeproj; sourceTree = "<group>"; };
/* End PBXFileReference section */

/* Begin PBXFrameworksBuildPhase section */
		5F52470F1742769F00157533 /* Frameworks */ = {
			isa = PBXFrameworksBuildPhase;
			buildActionMask = 2147483647;
			files = (
				5F5247161742769F00157533 /* UIKit.framework in Frameworks */,
				5F5247181742769F00157533 /* Foundation.framework in Frameworks */,
				5F52471A1742769F00157533 /* CoreGraphics.framework in Frameworks */,
			);
			runOnlyForDeploymentPostprocessing = 0;
		};
/* End PBXFrameworksBuildPhase section */

/* Begin PBXGroup section */
		5F5247091742769F00157533 = {
			isa = PBXGroup;
			children = (
				5F52471B1742769F00157533 /* Cookbook */,
				5F5247141742769F00157533 /* Frameworks */,
				5F5247131742769F00157533 /* Products */,
			);
			sourceTree = "<group>";
		};
		5F5247131742769F00157533 /* Products */ = {
			isa = PBXGroup;
			children = (
				5F5247121742769F00157533 /* Cookbook5.0.app */,
			);
			name = Products;
			sourceTree = "<group>";
		};
		5F5247141742769F00157533 /* Frameworks */ = {
			isa = PBXGroup;
			children = (
				5F5247151742769F00157533 /* UIKit.framework */,
				5F5247171742769F00157533 /* Foundation.framework */,
				5F5247191742769F00157533 /* CoreGraphics.framework */,
			);
			name = Frameworks;
			sourceTree = "<group>";
		};
		5F52471B1742769F00157533 /* Cookbook */ = {
			isa = PBXGroup;
			children = (
				5FA2A69E174A16830078FDA6 /* 控制器与视图(下) */,
				5FA3D9B317433A8400DE76A4 /* 控制器与视图(上) */,
				5F524724174276A000157533 /* AppDelegate.h */,
				5F524725174276A000157533 /* AppDelegate.m */,
				5F52471C174276A000157533 /* Supporting Files */,
			);
			path = Cookbook;
			sourceTree = "<group>";
		};
		5F52471C174276A000157533 /* Supporting Files */ = {
			isa = PBXGroup;
			children = (
				5F52471D174276A000157533 /* Cookbook5.0-Info.plist */,
				5F52471E174276A000157533 /* InfoPlist.strings */,
				5F524721174276A000157533 /* main.m */,
				5F524723174276A000157533 /* Cookbook5.0-Prefix.pch */,
				5F524727174276A000157533 /* Default.png */,
				5F524729174276A000157533 /* Default@2x.png */,
				5F52472B174276A000157533 /* Default-568h@2x.png */,
			);
			name = "Supporting Files";
			sourceTree = "<group>";
		};
		5F9EDDB0174473DC0093A141 /* Products */ = {
			isa = PBXGroup;
			children = (
				5F9EDDB4174473DD0093A141 /* UISliderDemo.app */,
			);
			name = Products;
			sourceTree = "<group>";
		};
		5F9EDDC41744C4650093A141 /* Products */ = {
			isa = PBXGroup;
			children = (
				5F9EDDCA1744C4650093A141 /* UIDatePickerDemo.app */,
			);
			name = Products;
			sourceTree = "<group>";
		};
		5F9EDE1C1744CCB00093A141 /* Products */ = {
			isa = PBXGroup;
			children = (
				5F9EDE201744CCB10093A141 /* UISegmentControlDemo.app */,
			);
			name = Products;
			sourceTree = "<group>";
		};
		5FA0BBD7174AFEC400481A03 /* Products */ = {
			isa = PBXGroup;
			children = (
				5FA0BBE1174AFEC400481A03 /* UINavigationControllerDemo.app */,
			);
			name = Products;
			sourceTree = "<group>";
		};
		5FA2A6171749CD4E0078FDA6 /* Products */ = {
			isa = PBXGroup;
			children = (
				5FA2A61B1749CD4F0078FDA6 /* CustomImageOnNavigationbar.app */,
			);
			name = Products;
			sourceTree = "<group>";
		};
		5FA2A64B1749D3C60078FDA6 /* Products */ = {
			isa = PBXGroup;
			children = (
				5FA2A64F1749D3C70078FDA6 /* CustomNavigationItemDemo.app */,
			);
			name = Products;
			sourceTree = "<group>";
		};
		5FA2A68B1749E0790078FDA6 /* Products */ = {
			isa = PBXGroup;
			children = (
				5FA2A68F1749E07B0078FDA6 /* UITabBarDemo.app */,
			);
			name = Products;
			sourceTree = "<group>";
		};
		5FA2A69E174A16830078FDA6 /* 控制器与视图(下) */ = {
			isa = PBXGroup;
			children = (
				5FA2A6CE174A16AA0078FDA6 /* UILabelDemo.xcodeproj */,
				5FA2A703174A1B9E0078FDA6 /* UITextFieldDemo.xcodeproj */,
			);
			name = "控制器与视图(下)";
			sourceTree = "<group>";
		};
		5FA2A6CF174A16AA0078FDA6 /* Products */ = {
			isa = PBXGroup;
			children = (
				5FA2A6D3174A16AB0078FDA6 /* UILabelDemo.app */,
			);
			name = Products;
			sourceTree = "<group>";
		};
		5FA2A704174A1B9E0078FDA6 /* Products */ = {
			isa = PBXGroup;
			children = (
				5FA2A708174A1B9F0078FDA6 /* UITextFieldDemo.app */,
			);
			name = Products;
			sourceTree = "<group>";
		};
		5FA347101743CB3400B22AE8 /* Products */ = {
			isa = PBXGroup;
			children = (
				5FA347141743CB3500B22AE8 /* Creating and using switches with UISwitch.app */,
			);
			name = Products;
			sourceTree = "<group>";
		};
		5FA347461743D17800B22AE8 /* Products */ = {
			isa = PBXGroup;
			children = (
				5FA3474A1743D17900B22AE8 /* UIPickerViewDemo.app */,
			);
			name = Products;
			sourceTree = "<group>";
		};
		5FA3D9B317433A8400DE76A4 /* 控制器与视图(上) */ = {
			isa = PBXGroup;
			children = (
				5FA3D9E317433AA600DE76A4 /* UIAlertViewDemo.xcodeproj */,
				5FA3470F1743CB3400B22AE8 /* Creating and using switches with UISwitch.xcodeproj */,
				5FA347451743D17800B22AE8 /* UIPickerViewDemo.xcodeproj */,
				5F9EDD77174466130093A141 /* UIDatePickerDemo.xcodeproj */,
				5F9EDDAF174473DC0093A141 /* UISliderDemo.xcodeproj */,
				5F9EDE1B1744CCB00093A141 /* UISegmentControlDemo.xcodeproj */,
				5FA6014E17460DA7008EB098 /* UIVIewControllerDemo.xcodeproj */,
				5FA2A5DA1749C4250078FDA6 /* UINavigationControllerDemo.xcodeproj */,
				5FA2A6161749CD4E0078FDA6 /* CustomImageOnNavigationbar.xcodeproj */,
				5FA2A64A1749D3C60078FDA6 /* CustomNavigationItemDemo.xcodeproj */,
				5FA2A68A1749E0790078FDA6 /* UITabBarDemo.xcodeproj */,
			);
			name = "控制器与视图(上)";
			sourceTree = "<group>";
		};
		5FA3D9E417433AA600DE76A4 /* Products */ = {
			isa = PBXGroup;
			children = (
				5FA3D9E817433AA700DE76A4 /* UIAlertViewDemo.app */,
			);
			name = Products;
			sourceTree = "<group>";
		};
		5FA6014F17460DA7008EB098 /* Products */ = {
			isa = PBXGroup;
			children = (
				5FA6015917460DA8008EB098 /* UIVIewControllerDemo.app */,
			);
			name = Products;
			sourceTree = "<group>";
		};
/* End PBXGroup section */

/* Begin PBXNativeTarget section */
		5F5247111742769F00157533 /* Cookbook5.0 */ = {
			isa = PBXNativeTarget;
			buildConfigurationList = 5F52472F174276A000157533 /* Build configuration list for PBXNativeTarget "Cookbook5.0" */;
			buildPhases = (
				5F52470E1742769F00157533 /* Sources */,
				5F52470F1742769F00157533 /* Frameworks */,
				5F5247101742769F00157533 /* Resources */,
			);
			buildRules = (
			);
			dependencies = (
			);
			name = Cookbook5.0;
			productName = Cookbook;
			productReference = 5F5247121742769F00157533 /* Cookbook5.0.app */;
			productType = "com.apple.product-type.application";
		};
/* End PBXNativeTarget section */

/* Begin PBXProject section */
		5F52470A1742769F00157533 /* Project object */ = {
			isa = PBXProject;
			attributes = {
				LastUpgradeCheck = 0460;
				ORGANIZATIONNAME = "陈 海涛";
			};
			buildConfigurationList = 5F52470D1742769F00157533 /* Build configuration list for PBXProject "Cookbook5.0" */;
			compatibilityVersion = "Xcode 3.2";
			developmentRegion = English;
			hasScannedForEncodings = 0;
			knownRegions = (
				en,
			);
			mainGroup = 5F5247091742769F00157533;
			productRefGroup = 5F5247131742769F00157533 /* Products */;
			projectDirPath = "";
			projectReferences = (
				{
					ProductGroup = 5FA347101743CB3400B22AE8 /* Products */;
					ProjectRef = 5FA3470F1743CB3400B22AE8 /* Creating and using switches with UISwitch.xcodeproj */;
				},
				{
					ProductGroup = 5FA2A6171749CD4E0078FDA6 /* Products */;
					ProjectRef = 5FA2A6161749CD4E0078FDA6 /* CustomImageOnNavigationbar.xcodeproj */;
				},
				{
					ProductGroup = 5FA2A64B1749D3C60078FDA6 /* Products */;
					ProjectRef = 5FA2A64A1749D3C60078FDA6 /* CustomNavigationItemDemo.xcodeproj */;
				},
				{
					ProductGroup = 5FA3D9E417433AA600DE76A4 /* Products */;
					ProjectRef = 5FA3D9E317433AA600DE76A4 /* UIAlertViewDemo.xcodeproj */;
				},
				{
					ProductGroup = 5F9EDDC41744C4650093A141 /* Products */;
					ProjectRef = 5F9EDD77174466130093A141 /* UIDatePickerDemo.xcodeproj */;
				},
				{
					ProductGroup = 5FA2A6CF174A16AA0078FDA6 /* Products */;
					ProjectRef = 5FA2A6CE174A16AA0078FDA6 /* UILabelDemo.xcodeproj */;
				},
				{
					ProductGroup = 5FA0BBD7174AFEC400481A03 /* Products */;
					ProjectRef = 5FA2A5DA1749C4250078FDA6 /* UINavigationControllerDemo.xcodeproj */;
				},
				{
					ProductGroup = 5FA347461743D17800B22AE8 /* Products */;
					ProjectRef = 5FA347451743D17800B22AE8 /* UIPickerViewDemo.xcodeproj */;
				},
				{
					ProductGroup = 5F9EDE1C1744CCB00093A141 /* Products */;
					ProjectRef = 5F9EDE1B1744CCB00093A141 /* UISegmentControlDemo.xcodeproj */;
				},
				{
					ProductGroup = 5F9EDDB0174473DC0093A141 /* Products */;
					ProjectRef = 5F9EDDAF174473DC0093A141 /* UISliderDemo.xcodeproj */;
				},
				{
					ProductGroup = 5FA2A68B1749E0790078FDA6 /* Products */;
					ProjectRef = 5FA2A68A1749E0790078FDA6 /* UITabBarDemo.xcodeproj */;
				},
				{
					ProductGroup = 5FA2A704174A1B9E0078FDA6 /* Products */;
					ProjectRef = 5FA2A703174A1B9E0078FDA6 /* UITextFieldDemo.xcodeproj */;
				},
				{
					ProductGroup = 5FA6014F17460DA7008EB098 /* Products */;
					ProjectRef = 5FA6014E17460DA7008EB098 /* UIVIewControllerDemo.xcodeproj */;
				},
			);
			projectRoot = "";
			targets = (
				5F5247111742769F00157533 /* Cookbook5.0 */,
			);
		};
/* End PBXProject section */

/* Begin PBXReferenceProxy section */
		5F9EDDB4174473DD0093A141 /* UISliderDemo.app */ = {
			isa = PBXReferenceProxy;
			fileType = wrapper.application;
			path = UISliderDemo.app;
			remoteRef = 5F9EDDB3174473DD0093A141 /* PBXContainerItemProxy */;
			sourceTree = BUILT_PRODUCTS_DIR;
		};
		5F9EDDCA1744C4650093A141 /* UIDatePickerDemo.app */ = {
			isa = PBXReferenceProxy;
			fileType = wrapper.application;
			path = UIDatePickerDemo.app;
			remoteRef = 5F9EDDC91744C4650093A141 /* PBXContainerItemProxy */;
			sourceTree = BUILT_PRODUCTS_DIR;
		};
		5F9EDE201744CCB10093A141 /* UISegmentControlDemo.app */ = {
			isa = PBXReferenceProxy;
			fileType = wrapper.application;
			path = UISegmentControlDemo.app;
			remoteRef = 5F9EDE1F1744CCB10093A141 /* PBXContainerItemProxy */;
			sourceTree = BUILT_PRODUCTS_DIR;
		};
		5FA0BBE1174AFEC400481A03 /* UINavigationControllerDemo.app */ = {
			isa = PBXReferenceProxy;
			fileType = wrapper.application;
			path = UINavigationControllerDemo.app;
			remoteRef = 5FA0BBE0174AFEC400481A03 /* PBXContainerItemProxy */;
			sourceTree = BUILT_PRODUCTS_DIR;
		};
		5FA2A61B1749CD4F0078FDA6 /* CustomImageOnNavigationbar.app */ = {
			isa = PBXReferenceProxy;
			fileType = wrapper.application;
			path = CustomImageOnNavigationbar.app;
			remoteRef = 5FA2A61A1749CD4F0078FDA6 /* PBXContainerItemProxy */;
			sourceTree = BUILT_PRODUCTS_DIR;
		};
		5FA2A64F1749D3C70078FDA6 /* CustomNavigationItemDemo.app */ = {
			isa = PBXReferenceProxy;
			fileType = wrapper.application;
			path = CustomNavigationItemDemo.app;
			remoteRef = 5FA2A64E1749D3C70078FDA6 /* PBXContainerItemProxy */;
			sourceTree = BUILT_PRODUCTS_DIR;
		};
		5FA2A68F1749E07B0078FDA6 /* UITabBarDemo.app */ = {
			isa = PBXReferenceProxy;
			fileType = wrapper.application;
			path = UITabBarDemo.app;
			remoteRef = 5FA2A68E1749E07B0078FDA6 /* PBXContainerItemProxy */;
			sourceTree = BUILT_PRODUCTS_DIR;
		};
		5FA2A6D3174A16AB0078FDA6 /* UILabelDemo.app */ = {
			isa = PBXReferenceProxy;
			fileType = wrapper.application;
			path = UILabelDemo.app;
			remoteRef = 5FA2A6D2174A16AB0078FDA6 /* PBXContainerItemProxy */;
			sourceTree = BUILT_PRODUCTS_DIR;
		};
		5FA2A708174A1B9F0078FDA6 /* UITextFieldDemo.app */ = {
			isa = PBXReferenceProxy;
			fileType = wrapper.application;
			path = UITextFieldDemo.app;
			remoteRef = 5FA2A707174A1B9F0078FDA6 /* PBXContainerItemProxy */;
			sourceTree = BUILT_PRODUCTS_DIR;
		};
		5FA347141743CB3500B22AE8 /* Creating and using switches with UISwitch.app */ = {
			isa = PBXReferenceProxy;
			fileType = wrapper.application;
			path = "Creating and using switches with UISwitch.app";
			remoteRef = 5FA347131743CB3500B22AE8 /* PBXContainerItemProxy */;
			sourceTree = BUILT_PRODUCTS_DIR;
		};
		5FA3474A1743D17900B22AE8 /* UIPickerViewDemo.app */ = {
			isa = PBXReferenceProxy;
			fileType = wrapper.application;
			path = UIPickerViewDemo.app;
			remoteRef = 5FA347491743D17900B22AE8 /* PBXContainerItemProxy */;
			sourceTree = BUILT_PRODUCTS_DIR;
		};
		5FA3D9E817433AA700DE76A4 /* UIAlertViewDemo.app */ = {
			isa = PBXReferenceProxy;
			fileType = wrapper.application;
			path = UIAlertViewDemo.app;
			remoteRef = 5FA3D9E717433AA700DE76A4 /* PBXContainerItemProxy */;
			sourceTree = BUILT_PRODUCTS_DIR;
		};
		5FA6015917460DA8008EB098 /* UIVIewControllerDemo.app */ = {
			isa = PBXReferenceProxy;
			fileType = wrapper.application;
			path = UIVIewControllerDemo.app;
			remoteRef = 5FA6015817460DA8008EB098 /* PBXContainerItemProxy */;
			sourceTree = BUILT_PRODUCTS_DIR;
		};
/* End PBXReferenceProxy section */

/* Begin PBXResourcesBuildPhase section */
		5F5247101742769F00157533 /* Resources */ = {
			isa = PBXResourcesBuildPhase;
			buildActionMask = 2147483647;
			files = (
				5F524720174276A000157533 /* InfoPlist.strings in Resources */,
				5F524728174276A000157533 /* Default.png in Resources */,
				5F52472A174276A000157533 /* Default@2x.png in Resources */,
				5F52472C174276A000157533 /* Default-568h@2x.png in Resources */,
			);
			runOnlyForDeploymentPostprocessing = 0;
		};
/* End PBXResourcesBuildPhase section */

/* Begin PBXSourcesBuildPhase section */
		5F52470E1742769F00157533 /* Sources */ = {
			isa = PBXSourcesBuildPhase;
			buildActionMask = 2147483647;
			files = (
				5F524722174276A000157533 /* main.m in Sources */,
				5F524726174276A000157533 /* AppDelegate.m in Sources */,
			);
			runOnlyForDeploymentPostprocessing = 0;
		};
/* End PBXSourcesBuildPhase section */

/* Begin PBXVariantGroup section */
		5F52471E174276A000157533 /* InfoPlist.strings */ = {
			isa = PBXVariantGroup;
			children = (
				5F52471F174276A000157533 /* en */,
			);
			name = InfoPlist.strings;
			sourceTree = "<group>";
		};
/* End PBXVariantGroup section */

/* Begin XCBuildConfiguration section */
		5F52472D174276A000157533 /* Debug */ = {
			isa = XCBuildConfiguration;
			buildSettings = {
				ALWAYS_SEARCH_USER_PATHS = NO;
				CLANG_CXX_LANGUAGE_STANDARD = "gnu++0x";
				CLANG_CXX_LIBRARY = "libc++";
				CLANG_ENABLE_OBJC_ARC = YES;
				CLANG_WARN_CONSTANT_CONVERSION = YES;
				CLANG_WARN_EMPTY_BODY = YES;
				CLANG_WARN_ENUM_CONVERSION = YES;
				CLANG_WARN_INT_CONVERSION = YES;
				CLANG_WARN__DUPLICATE_METHOD_MATCH = YES;
				"CODE_SIGN_IDENTITY[sdk=iphoneos*]" = "iPhone Developer";
				COPY_PHASE_STRIP = NO;
				GCC_C_LANGUAGE_STANDARD = gnu99;
				GCC_DYNAMIC_NO_PIC = NO;
				GCC_OPTIMIZATION_LEVEL = 0;
				GCC_PREPROCESSOR_DEFINITIONS = (
					"DEBUG=1",
					"$(inherited)",
				);
				GCC_SYMBOLS_PRIVATE_EXTERN = NO;
				GCC_WARN_ABOUT_RETURN_TYPE = YES;
				GCC_WARN_UNINITIALIZED_AUTOS = YES;
				GCC_WARN_UNUSED_VARIABLE = YES;
				IPHONEOS_DEPLOYMENT_TARGET = 6.1;
				ONLY_ACTIVE_ARCH = YES;
				SDKROOT = iphoneos;
			};
			name = Debug;
		};
		5F52472E174276A000157533 /* Release */ = {
			isa = XCBuildConfiguration;
			buildSettings = {
				ALWAYS_SEARCH_USER_PATHS = NO;
				CLANG_CXX_LANGUAGE_STANDARD = "gnu++0x";
				CLANG_CXX_LIBRARY = "libc++";
				CLANG_ENABLE_OBJC_ARC = YES;
				CLANG_WARN_CONSTANT_CONVERSION = YES;
				CLANG_WARN_EMPTY_BODY = YES;
				CLANG_WARN_ENUM_CONVERSION = YES;
				CLANG_WARN_INT_CONVERSION = YES;
				CLANG_WARN__DUPLICATE_METHOD_MATCH = YES;
				"CODE_SIGN_IDENTITY[sdk=iphoneos*]" = "iPhone Developer";
				COPY_PHASE_STRIP = YES;
				GCC_C_LANGUAGE_STANDARD = gnu99;
				GCC_WARN_ABOUT_RETURN_TYPE = YES;
				GCC_WARN_UNINITIALIZED_AUTOS = YES;
				GCC_WARN_UNUSED_VARIABLE = YES;
				IPHONEOS_DEPLOYMENT_TARGET = 6.1;
				OTHER_CFLAGS = "-DNS_BLOCK_ASSERTIONS=1";
				SDKROOT = iphoneos;
				VALIDATE_PRODUCT = YES;
			};
			name = Release;
		};
		5F524730174276A000157533 /* Debug */ = {
			isa = XCBuildConfiguration;
			buildSettings = {
				GCC_PRECOMPILE_PREFIX_HEADER = YES;
				GCC_PREFIX_HEADER = "Cookbook/Cookbook5.0-Prefix.pch";
				INFOPLIST_FILE = "Cookbook/Cookbook5.0-Info.plist";
				IPHONEOS_DEPLOYMENT_TARGET = 6.1;
				PRODUCT_NAME = Cookbook5.0;
				WRAPPER_EXTENSION = app;
			};
			name = Debug;
		};
		5F524731174276A000157533 /* Release */ = {
			isa = XCBuildConfiguration;
			buildSettings = {
				GCC_PRECOMPILE_PREFIX_HEADER = YES;
				GCC_PREFIX_HEADER = "Cookbook/Cookbook5.0-Prefix.pch";
				INFOPLIST_FILE = "Cookbook/Cookbook5.0-Info.plist";
				IPHONEOS_DEPLOYMENT_TARGET = 6.1;
				PRODUCT_NAME = Cookbook5.0;
				WRAPPER_EXTENSION = app;
			};
			name = Release;
		};
/* End XCBuildConfiguration section */

/* Begin XCConfigurationList section */
		5F52470D1742769F00157533 /* Build configuration list for PBXProject "Cookbook5.0" */ = {
			isa = XCConfigurationList;
			buildConfigurations = (
				5F52472D174276A000157533 /* Debug */,
				5F52472E174276A000157533 /* Release */,
			);
			defaultConfigurationIsVisible = 0;
			defaultConfigurationName = Release;
		};
		5F52472F174276A000157533 /* Build configuration list for PBXNativeTarget "Cookbook5.0" */ = {
			isa = XCConfigurationList;
			buildConfigurations = (
				5F524730174276A000157533 /* Debug */,
				5F524731174276A000157533 /* Release */,
			);
			defaultConfigurationIsVisible = 0;
			defaultConfigurationName = Release;
		};
/* End XCConfigurationList section */
	};
	rootObject = 5F52470A1742769F00157533 /* Project object */;
}
